
Microsoft Visual Studio Solution File, Format Version 12.00
# Visual Studio Version 17
VisualStudioVersion = 17.0.31903.59
MinimumVisualStudioVersion = 10.0.40219.1
Project("{FAE04EC0-301F-11D3-BF4B-00C04F79EFBC}") = "Assets.Contracts", "Assets.Contracts\Assets.Contracts.csproj", "{AE1A847A-FAA1-4330-82BF-9DBEF20C724B}"
EndProject
Project("{FAE04EC0-301F-11D3-BF4B-00C04F79EFBC}") = "Assets.Api", "Assets.Api\Assets.Api.csproj", "{08803A6E-83BE-4BA1-ADEC-A6DA02FE6E76}"
EndProject
Project("{FAE04EC0-301F-11D3-BF4B-00C04F79EFBC}") = "Assets.Domain", "Assets.Domain\Assets.Domain.csproj", "{83F4E341-81F6-4FAF-BE14-68FA00D4F607}"
EndProject
Project("{FAE04EC0-301F-11D3-BF4B-00C04F79EFBC}") = "Assets.Application", "Assets.Application\Assets.Application.csproj", "{4215B316-A0DD-4C0F-A619-FA7386077EA5}"
EndProject
Project("{FAE04EC0-301F-11D3-BF4B-00C04F79EFBC}") = "Assets.Infrastructure", "Assets.Infrastructure\Assets.Infrastructure.csproj", "{E17AE942-5E46-4E16-8866-3225B8F10AA7}"
EndProject
Project("{FAE04EC0-301F-11D3-BF4B-00C04F79EFBC}") = "Assets.Ui", "Assets.Ui\Assets.Ui.csproj", "{677B3EBB-CBF1-9B2F-CD2F-96713A217C43}"
EndProject
Project("{FAE04EC0-301F-11D3-BF4B-00C04F79EFBC}") = "Assets.ApiClient", "Assets.ApiClient\Assets.ApiClient.csproj", "{E7F32B95-42D8-4FC4-83CA-D0817B969C6F}"
EndProject
Global
	GlobalSection(SolutionConfigurationPlatforms) = preSolution
		Debug|Any CPU = Debug|Any CPU
		Debug|x64 = Debug|x64
		Debug|x86 = Debug|x86
		Release|Any CPU = Release|Any CPU
		Release|x64 = Release|x64
		Release|x86 = Release|x86
	EndGlobalSection
	GlobalSection(ProjectConfigurationPlatforms) = postSolution
		{AE1A847A-FAA1-4330-82BF-9DBEF20C724B}.Debug|Any CPU.ActiveCfg = Debug|Any CPU
		{AE1A847A-FAA1-4330-82BF-9DBEF20C724B}.Debug|Any CPU.Build.0 = Debug|Any CPU
		{AE1A847A-FAA1-4330-82BF-9DBEF20C724B}.Debug|x64.ActiveCfg = Debug|Any CPU
		{AE1A847A-FAA1-4330-82BF-9DBEF20C724B}.Debug|x64.Build.0 = Debug|Any CPU
		{AE1A847A-FAA1-4330-82BF-9DBEF20C724B}.Debug|x86.ActiveCfg = Debug|Any CPU
		{AE1A847A-FAA1-4330-82BF-9DBEF20C724B}.Debug|x86.Build.0 = Debug|Any CPU
		{AE1A847A-FAA1-4330-82BF-9DBEF20C724B}.Release|Any CPU.ActiveCfg = Release|Any CPU
		{AE1A847A-FAA1-4330-82BF-9DBEF20C724B}.Release|Any CPU.Build.0 = Release|Any CPU
		{AE1A847A-FAA1-4330-82BF-9DBEF20C724B}.Release|x64.ActiveCfg = Release|Any CPU
		{AE1A847A-FAA1-4330-82BF-9DBEF20C724B}.Release|x64.Build.0 = Release|Any CPU
		{AE1A847A-FAA1-4330-82BF-9DBEF20C724B}.Release|x86.ActiveCfg = Release|Any CPU
		{AE1A847A-FAA1-4330-82BF-9DBEF20C724B}.Release|x86.Build.0 = Release|Any CPU
		{08803A6E-83BE-4BA1-ADEC-A6DA02FE6E76}.Debug|Any CPU.ActiveCfg = Debug|Any CPU
		{08803A6E-83BE-4BA1-ADEC-A6DA02FE6E76}.Debug|Any CPU.Build.0 = Debug|Any CPU
		{08803A6E-83BE-4BA1-ADEC-A6DA02FE6E76}.Debug|x64.ActiveCfg = Debug|Any CPU
		{08803A6E-83BE-4BA1-ADEC-A6DA02FE6E76}.Debug|x64.Build.0 = Debug|Any CPU
		{08803A6E-83BE-4BA1-ADEC-A6DA02FE6E76}.Debug|x86.ActiveCfg = Debug|Any CPU
		{08803A6E-83BE-4BA1-ADEC-A6DA02FE6E76}.Debug|x86.Build.0 = Debug|Any CPU
		{08803A6E-83BE-4BA1-ADEC-A6DA02FE6E76}.Release|Any CPU.ActiveCfg = Release|Any CPU
		{08803A6E-83BE-4BA1-ADEC-A6DA02FE6E76}.Release|Any CPU.Build.0 = Release|Any CPU
		{08803A6E-83BE-4BA1-ADEC-A6DA02FE6E76}.Release|x64.ActiveCfg = Release|Any CPU
		{08803A6E-83BE-4BA1-ADEC-A6DA02FE6E76}.Release|x64.Build.0 = Release|Any CPU
		{08803A6E-83BE-4BA1-ADEC-A6DA02FE6E76}.Release|x86.ActiveCfg = Release|Any CPU
		{08803A6E-83BE-4BA1-ADEC-A6DA02FE6E76}.Release|x86.Build.0 = Release|Any CPU
		{83F4E341-81F6-4FAF-BE14-68FA00D4F607}.Debug|Any CPU.ActiveCfg = Debug|Any CPU
		{83F4E341-81F6-4FAF-BE14-68FA00D4F607}.Debug|Any CPU.Build.0 = Debug|Any CPU
		{83F4E341-81F6-4FAF-BE14-68FA00D4F607}.Debug|x64.ActiveCfg = Debug|Any CPU
		{83F4E341-81F6-4FAF-BE14-68FA00D4F607}.Debug|x64.Build.0 = Debug|Any CPU
		{83F4E341-81F6-4FAF-BE14-68FA00D4F607}.Debug|x86.ActiveCfg = Debug|Any CPU
		{83F4E341-81F6-4FAF-BE14-68FA00D4F607}.Debug|x86.Build.0 = Debug|Any CPU
		{83F4E341-81F6-4FAF-BE14-68FA00D4F607}.Release|Any CPU.ActiveCfg = Release|Any CPU
		{83F4E341-81F6-4FAF-BE14-68FA00D4F607}.Release|Any CPU.Build.0 = Release|Any CPU
		{83F4E341-81F6-4FAF-BE14-68FA00D4F607}.Release|x64.ActiveCfg = Release|Any CPU
		{83F4E341-81F6-4FAF-BE14-68FA00D4F607}.Release|x64.Build.0 = Release|Any CPU
		{83F4E341-81F6-4FAF-BE14-68FA00D4F607}.Release|x86.ActiveCfg = Release|Any CPU
		{83F4E341-81F6-4FAF-BE14-68FA00D4F607}.Release|x86.Build.0 = Release|Any CPU
		{4215B316-A0DD-4C0F-A619-FA7386077EA5}.Debug|Any CPU.ActiveCfg = Debug|Any CPU
		{4215B316-A0DD-4C0F-A619-FA7386077EA5}.Debug|Any CPU.Build.0 = Debug|Any CPU
		{4215B316-A0DD-4C0F-A619-FA7386077EA5}.Debug|x64.ActiveCfg = Debug|Any CPU
		{4215B316-A0DD-4C0F-A619-FA7386077EA5}.Debug|x64.Build.0 = Debug|Any CPU
		{4215B316-A0DD-4C0F-A619-FA7386077EA5}.Debug|x86.ActiveCfg = Debug|Any CPU
		{4215B316-A0DD-4C0F-A619-FA7386077EA5}.Debug|x86.Build.0 = Debug|Any CPU
		{4215B316-A0DD-4C0F-A619-FA7386077EA5}.Release|Any CPU.ActiveCfg = Release|Any CPU
		{4215B316-A0DD-4C0F-A619-FA7386077EA5}.Release|Any CPU.Build.0 = Release|Any CPU
		{4215B316-A0DD-4C0F-A619-FA7386077EA5}.Release|x64.ActiveCfg = Release|Any CPU
		{4215B316-A0DD-4C0F-A619-FA7386077EA5}.Release|x64.Build.0 = Release|Any CPU
		{4215B316-A0DD-4C0F-A619-FA7386077EA5}.Release|x86.ActiveCfg = Release|Any CPU
		{4215B316-A0DD-4C0F-A619-FA7386077EA5}.Release|x86.Build.0 = Release|Any CPU
		{E17AE942-5E46-4E16-8866-3225B8F10AA7}.Debug|Any CPU.ActiveCfg = Debug|Any CPU
		{E17AE942-5E46-4E16-8866-3225B8F10AA7}.Debug|Any CPU.Build.0 = Debug|Any CPU
		{E17AE942-5E46-4E16-8866-3225B8F10AA7}.Debug|x64.ActiveCfg = Debug|Any CPU
		{E17AE942-5E46-4E16-8866-3225B8F10AA7}.Debug|x64.Build.0 = Debug|Any CPU
		{E17AE942-5E46-4E16-8866-3225B8F10AA7}.Debug|x86.ActiveCfg = Debug|Any CPU
		{E17AE942-5E46-4E16-8866-3225B8F10AA7}.Debug|x86.Build.0 = Debug|Any CPU
		{E17AE942-5E46-4E16-8866-3225B8F10AA7}.Release|Any CPU.ActiveCfg = Release|Any CPU
		{E17AE942-5E46-4E16-8866-3225B8F10AA7}.Release|Any CPU.Build.0 = Release|Any CPU
		{E17AE942-5E46-4E16-8866-3225B8F10AA7}.Release|x64.ActiveCfg = Release|Any CPU
		{E17AE942-5E46-4E16-8866-3225B8F10AA7}.Release|x64.Build.0 = Release|Any CPU
		{E17AE942-5E46-4E16-8866-3225B8F10AA7}.Release|x86.ActiveCfg = Release|Any CPU
		{E17AE942-5E46-4E16-8866-3225B8F10AA7}.Release|x86.Build.0 = Release|Any CPU
		{677B3EBB-CBF1-9B2F-CD2F-96713A217C43}.Debug|Any CPU.ActiveCfg = Debug|Any CPU
		{677B3EBB-CBF1-9B2F-CD2F-96713A217C43}.Debug|Any CPU.Build.0 = Debug|Any CPU
		{677B3EBB-CBF1-9B2F-CD2F-96713A217C43}.Debug|x64.ActiveCfg = Debug|Any CPU
		{677B3EBB-CBF1-9B2F-CD2F-96713A217C43}.Debug|x64.Build.0 = Debug|Any CPU
		{677B3EBB-CBF1-9B2F-CD2F-96713A217C43}.Debug|x86.ActiveCfg = Debug|Any CPU
		{677B3EBB-CBF1-9B2F-CD2F-96713A217C43}.Debug|x86.Build.0 = Debug|Any CPU
		{677B3EBB-CBF1-9B2F-CD2F-96713A217C43}.Release|Any CPU.ActiveCfg = Release|Any CPU
		{677B3EBB-CBF1-9B2F-CD2F-96713A217C43}.Release|Any CPU.Build.0 = Release|Any CPU
		{677B3EBB-CBF1-9B2F-CD2F-96713A217C43}.Release|x64.ActiveCfg = Release|Any CPU
		{677B3EBB-CBF1-9B2F-CD2F-96713A217C43}.Release|x64.Build.0 = Release|Any CPU
		{677B3EBB-CBF1-9B2F-CD2F-96713A217C43}.Release|x86.ActiveCfg = Release|Any CPU
		{677B3EBB-CBF1-9B2F-CD2F-96713A217C43}.Release|x86.Build.0 = Release|Any CPU
		{E7F32B95-42D8-4FC4-83CA-D0817B969C6F}.Debug|Any CPU.ActiveCfg = Debug|Any CPU
		{E7F32B95-42D8-4FC4-83CA-D0817B969C6F}.Debug|Any CPU.Build.0 = Debug|Any CPU
		{E7F32B95-42D8-4FC4-83CA-D0817B969C6F}.Debug|x64.ActiveCfg = Debug|Any CPU
		{E7F32B95-42D8-4FC4-83CA-D0817B969C6F}.Debug|x64.Build.0 = Debug|Any CPU
		{E7F32B95-42D8-4FC4-83CA-D0817B969C6F}.Debug|x86.ActiveCfg = Debug|Any CPU
		{E7F32B95-42D8-4FC4-83CA-D0817B969C6F}.Debug|x86.Build.0 = Debug|Any CPU
		{E7F32B95-42D8-4FC4-83CA-D0817B969C6F}.Release|Any CPU.ActiveCfg = Release|Any CPU
		{E7F32B95-42D8-4FC4-83CA-D0817B969C6F}.Release|Any CPU.Build.0 = Release|Any CPU
		{E7F32B95-42D8-4FC4-83CA-D0817B969C6F}.Release|x64.ActiveCfg = Release|Any CPU
		{E7F32B95-42D8-4FC4-83CA-D0817B969C6F}.Release|x64.Build.0 = Release|Any CPU
		{E7F32B95-42D8-4FC4-83CA-D0817B969C6F}.Release|x86.ActiveCfg = Release|Any CPU
		{E7F32B95-42D8-4FC4-83CA-D0817B969C6F}.Release|x86.Build.0 = Release|Any CPU
	EndGlobalSection
	GlobalSection(SolutionProperties) = preSolution
		HideSolutionNode = FALSE
	EndGlobalSection
	GlobalSection(ExtensibilityGlobals) = postSolution
		SolutionGuid = {C3D26B91-7BC0-44C7-83F7-7DD58902A4C7}
	EndGlobalSection
EndGlobal
